// !$*UTF8*$!
{
	archiveVersion = 1;
	classes = {
	};
	objectVersion = 48;
	objects = {

/* Begin PBXBuildFile section */
		1F17DA2A210627A400B15A4C /* GoogleService-Info.plist in Resources */ = {isa = PBXBuildFile; fileRef = 1F17DA29210627A400B15A4C /* GoogleService-Info.plist */; };
		1F28401A2129D9F600A06222 /* Route.swift in Sources */ = {isa = PBXBuildFile; fileRef = 1F2840192129D9F600A06222 /* Route.swift */; };
		1F2A0CE120987B0F007356F3 /* Constants.swift in Sources */ = {isa = PBXBuildFile; fileRef = 1F2A0CE020987B0F007356F3 /* Constants.swift */; };
		1F2B2B7721181D5500E85D59 /* MKMultiPoint+Coordinates.swift in Sources */ = {isa = PBXBuildFile; fileRef = 1F2B2B7621181D5500E85D59 /* MKMultiPoint+Coordinates.swift */; };
		1F37ACCC212A01F1007869B7 /* Localizable.strings in Resources */ = {isa = PBXBuildFile; fileRef = 1F37ACCE212A01F1007869B7 /* Localizable.strings */; };
		1F37ACD1212A0991007869B7 /* ARViewControllerModel.swift in Sources */ = {isa = PBXBuildFile; fileRef = 1F37ACD0212A0991007869B7 /* ARViewControllerModel.swift */; };
		1F3FA5D82108D2B2000204F8 /* LocationSearchTable.swift in Sources */ = {isa = PBXBuildFile; fileRef = 1F3FA5D72108D2B2000204F8 /* LocationSearchTable.swift */; };
		1F3FA5DA2108EC17000204F8 /* HelpingViewController.swift in Sources */ = {isa = PBXBuildFile; fileRef = 1F3FA5D92108EC17000204F8 /* HelpingViewController.swift */; };
		1F3FA5DC210A1CFE000204F8 /* ItemsTableViewController.swift in Sources */ = {isa = PBXBuildFile; fileRef = 1F3FA5DB210A1CFE000204F8 /* ItemsTableViewController.swift */; };
		1F62EBB1209CA7A8008F3434 /* MapViewController.swift in Sources */ = {isa = PBXBuildFile; fileRef = 1F62EBB0209CA7A8008F3434 /* MapViewController.swift */; };
		1F9699F22044345500D88EE0 /* AppDelegate.swift in Sources */ = {isa = PBXBuildFile; fileRef = 1F9699F12044345500D88EE0 /* AppDelegate.swift */; };
		1F9699F42044345500D88EE0 /* ViewController.swift in Sources */ = {isa = PBXBuildFile; fileRef = 1F9699F32044345500D88EE0 /* ViewController.swift */; };
		1F9699F72044345500D88EE0 /* Main.storyboard in Resources */ = {isa = PBXBuildFile; fileRef = 1F9699F52044345500D88EE0 /* Main.storyboard */; };
		1F9699F92044345500D88EE0 /* Assets.xcassets in Resources */ = {isa = PBXBuildFile; fileRef = 1F9699F82044345500D88EE0 /* Assets.xcassets */; };
		1F9699FC2044345500D88EE0 /* LaunchScreen.storyboard in Resources */ = {isa = PBXBuildFile; fileRef = 1F9699FA2044345500D88EE0 /* LaunchScreen.storyboard */; };
		1F969A042044370900D88EE0 /* ARViewController.swift in Sources */ = {isa = PBXBuildFile; fileRef = 1F969A032044370900D88EE0 /* ARViewController.swift */; };
		1FB6566C205C1B9100732596 /* AddARViewController.swift in Sources */ = {isa = PBXBuildFile; fileRef = 1FB6566B205C1B9100732596 /* AddARViewController.swift */; };
		1FB6566E205C1BB800732596 /* Item.swift in Sources */ = {isa = PBXBuildFile; fileRef = 1FB6566D205C1BB800732596 /* Item.swift */; };
		1FBD63DE2124BA7F0088DD86 /* DistanceNode.swift in Sources */ = {isa = PBXBuildFile; fileRef = 1FBD63DD2124BA7F0088DD86 /* DistanceNode.swift */; };
		1FBF5A902073728E00E9FDDC /* CLLocationCoordinates+ConvertToMeters.swift in Sources */ = {isa = PBXBuildFile; fileRef = 1FBF5A8F2073728E00E9FDDC /* CLLocationCoordinates+ConvertToMeters.swift */; };
		1FFD9B502110CB5A0053C567 /* ItemTableViewCell.swift in Sources */ = {isa = PBXBuildFile; fileRef = 1FFD9B4F2110CB5A0053C567 /* ItemTableViewCell.swift */; };
		1FFD9B522110D2080053C567 /* AddItemViewController.swift in Sources */ = {isa = PBXBuildFile; fileRef = 1FFD9B512110D2080053C567 /* AddItemViewController.swift */; };
		1FFD9B542110D3CF0053C567 /* LocationManager.swift in Sources */ = {isa = PBXBuildFile; fileRef = 1FFD9B532110D3CF0053C567 /* LocationManager.swift */; };
		1FFD9B56211385CE0053C567 /* Speed.swift in Sources */ = {isa = PBXBuildFile; fileRef = 1FFD9B55211385CE0053C567 /* Speed.swift */; };
		3923C22F4A6EFDBE42B1C216 /* Pods_ARVehNav.framework in Frameworks */ = {isa = PBXBuildFile; fileRef = 5B59263CE3E928790BB32AB5 /* Pods_ARVehNav.framework */; };
/* End PBXBuildFile section */

/* Begin PBXFileReference section */
		1F0F7EB120CFE99F0024B750 /* hr */ = {isa = PBXFileReference; lastKnownFileType = text.plist.strings; name = hr; path = hr.lproj/LaunchScreen.strings; sourceTree = "<group>"; };
		1F17DA29210627A400B15A4C /* GoogleService-Info.plist */ = {isa = PBXFileReference; fileEncoding = 4; lastKnownFileType = text.plist.xml; path = "GoogleService-Info.plist"; sourceTree = "<group>"; };
		1F2840192129D9F600A06222 /* Route.swift */ = {isa = PBXFileReference; lastKnownFileType = sourcecode.swift; path = Route.swift; sourceTree = "<group>"; };
		1F2A0CE020987B0F007356F3 /* Constants.swift */ = {isa = PBXFileReference; lastKnownFileType = sourcecode.swift; path = Constants.swift; sourceTree = "<group>"; };
		1F2B2B7621181D5500E85D59 /* MKMultiPoint+Coordinates.swift */ = {isa = PBXFileReference; lastKnownFileType = sourcecode.swift; path = "MKMultiPoint+Coordinates.swift"; sourceTree = "<group>"; };
		1F37ACC7212A0112007869B7 /* en */ = {isa = PBXFileReference; lastKnownFileType = text.plist.strings; name = en; path = en.lproj/Main.strings; sourceTree = "<group>"; };
		1F37ACC9212A011C007869B7 /* hr */ = {isa = PBXFileReference; lastKnownFileType = text.plist.strings; name = hr; path = hr.lproj/Main.strings; sourceTree = "<group>"; };
		1F37ACCD212A01F1007869B7 /* en */ = {isa = PBXFileReference; lastKnownFileType = text.plist.strings; name = en; path = en.lproj/Localizable.strings; sourceTree = "<group>"; };
		1F37ACCF212A0214007869B7 /* hr */ = {isa = PBXFileReference; lastKnownFileType = text.plist.strings; name = hr; path = hr.lproj/Localizable.strings; sourceTree = "<group>"; };
		1F37ACD0212A0991007869B7 /* ARViewControllerModel.swift */ = {isa = PBXFileReference; lastKnownFileType = sourcecode.swift; path = ARViewControllerModel.swift; sourceTree = "<group>"; };
		1F3FA5D72108D2B2000204F8 /* LocationSearchTable.swift */ = {isa = PBXFileReference; lastKnownFileType = sourcecode.swift; path = LocationSearchTable.swift; sourceTree = "<group>"; };
		1F3FA5D92108EC17000204F8 /* HelpingViewController.swift */ = {isa = PBXFileReference; lastKnownFileType = sourcecode.swift; path = HelpingViewController.swift; sourceTree = "<group>"; };
		1F3FA5DB210A1CFE000204F8 /* ItemsTableViewController.swift */ = {isa = PBXFileReference; lastKnownFileType = sourcecode.swift; path = ItemsTableViewController.swift; sourceTree = "<group>"; };
		1F62EBB0209CA7A8008F3434 /* MapViewController.swift */ = {isa = PBXFileReference; lastKnownFileType = sourcecode.swift; path = MapViewController.swift; sourceTree = "<group>"; };
		1F9699EE2044345500D88EE0 /* ARVehNav.app */ = {isa = PBXFileReference; explicitFileType = wrapper.application; includeInIndex = 0; path = ARVehNav.app; sourceTree = BUILT_PRODUCTS_DIR; };
		1F9699F12044345500D88EE0 /* AppDelegate.swift */ = {isa = PBXFileReference; lastKnownFileType = sourcecode.swift; path = AppDelegate.swift; sourceTree = "<group>"; };
		1F9699F32044345500D88EE0 /* ViewController.swift */ = {isa = PBXFileReference; lastKnownFileType = sourcecode.swift; path = ViewController.swift; sourceTree = "<group>"; };
		1F9699F62044345500D88EE0 /* Base */ = {isa = PBXFileReference; lastKnownFileType = file.storyboard; name = Base; path = Base.lproj/Main.storyboard; sourceTree = "<group>"; };
		1F9699F82044345500D88EE0 /* Assets.xcassets */ = {isa = PBXFileReference; lastKnownFileType = folder.assetcatalog; path = Assets.xcassets; sourceTree = "<group>"; };
		1F9699FB2044345500D88EE0 /* Base */ = {isa = PBXFileReference; lastKnownFileType = file.storyboard; name = Base; path = Base.lproj/LaunchScreen.storyboard; sourceTree = "<group>"; };
		1F9699FD2044345500D88EE0 /* Info.plist */ = {isa = PBXFileReference; lastKnownFileType = text.plist.xml; path = Info.plist; sourceTree = "<group>"; };
		1F969A032044370900D88EE0 /* ARViewController.swift */ = {isa = PBXFileReference; lastKnownFileType = sourcecode.swift; path = ARViewController.swift; sourceTree = "<group>"; };
		1FB6566B205C1B9100732596 /* AddARViewController.swift */ = {isa = PBXFileReference; lastKnownFileType = sourcecode.swift; path = AddARViewController.swift; sourceTree = "<group>"; };
		1FB6566D205C1BB800732596 /* Item.swift */ = {isa = PBXFileReference; lastKnownFileType = sourcecode.swift; path = Item.swift; sourceTree = "<group>"; };
		1FBD63DD2124BA7F0088DD86 /* DistanceNode.swift */ = {isa = PBXFileReference; lastKnownFileType = sourcecode.swift; path = DistanceNode.swift; sourceTree = "<group>"; };
		1FBF5A8F2073728E00E9FDDC /* CLLocationCoordinates+ConvertToMeters.swift */ = {isa = PBXFileReference; lastKnownFileType = sourcecode.swift; path = "CLLocationCoordinates+ConvertToMeters.swift"; sourceTree = "<group>"; };
		1FFD9B4F2110CB5A0053C567 /* ItemTableViewCell.swift */ = {isa = PBXFileReference; lastKnownFileType = sourcecode.swift; path = ItemTableViewCell.swift; sourceTree = "<group>"; };
		1FFD9B512110D2080053C567 /* AddItemViewController.swift */ = {isa = PBXFileReference; lastKnownFileType = sourcecode.swift; path = AddItemViewController.swift; sourceTree = "<group>"; };
		1FFD9B532110D3CF0053C567 /* LocationManager.swift */ = {isa = PBXFileReference; lastKnownFileType = sourcecode.swift; path = LocationManager.swift; sourceTree = "<group>"; };
		1FFD9B55211385CE0053C567 /* Speed.swift */ = {isa = PBXFileReference; lastKnownFileType = sourcecode.swift; path = Speed.swift; sourceTree = "<group>"; };
		4721F447FBA504CFE7417B35 /* Pods-ARVehNav.debug.xcconfig */ = {isa = PBXFileReference; includeInIndex = 1; lastKnownFileType = text.xcconfig; name = "Pods-ARVehNav.debug.xcconfig"; path = "Pods/Target Support Files/Pods-ARVehNav/Pods-ARVehNav.debug.xcconfig"; sourceTree = "<group>"; };
		5B59263CE3E928790BB32AB5 /* Pods_ARVehNav.framework */ = {isa = PBXFileReference; explicitFileType = wrapper.framework; includeInIndex = 0; path = Pods_ARVehNav.framework; sourceTree = BUILT_PRODUCTS_DIR; };
		9E6112D409478739BA6C8D00 /* Pods-ARVehNav.release.xcconfig */ = {isa = PBXFileReference; includeInIndex = 1; lastKnownFileType = text.xcconfig; name = "Pods-ARVehNav.release.xcconfig"; path = "Pods/Target Support Files/Pods-ARVehNav/Pods-ARVehNav.release.xcconfig"; sourceTree = "<group>"; };
/* End PBXFileReference section */

/* Begin PBXFrameworksBuildPhase section */
		1F9699EB2044345500D88EE0 /* Frameworks */ = {
			isa = PBXFrameworksBuildPhase;
			buildActionMask = 2147483647;
			files = (
				3923C22F4A6EFDBE42B1C216 /* Pods_ARVehNav.framework in Frameworks */,
			);
			runOnlyForDeploymentPostprocessing = 0;
		};
/* End PBXFrameworksBuildPhase section */

/* Begin PBXGroup section */
		1F2A0CDA2098764B007356F3 /* Model */ = {
			isa = PBXGroup;
			children = (
				1FB6566D205C1BB800732596 /* Item.swift */,
				1F2A0CE020987B0F007356F3 /* Constants.swift */,
				1FFD9B532110D3CF0053C567 /* LocationManager.swift */,
				1FFD9B55211385CE0053C567 /* Speed.swift */,
				1FBD63DD2124BA7F0088DD86 /* DistanceNode.swift */,
				1F2840192129D9F600A06222 /* Route.swift */,
				1F37ACD0212A0991007869B7 /* ARViewControllerModel.swift */,
			);
			path = Model;
			sourceTree = "<group>";
		};
		1F2A0CDF20987A75007356F3 /* Extensions */ = {
			isa = PBXGroup;
			children = (
				1FBF5A8F2073728E00E9FDDC /* CLLocationCoordinates+ConvertToMeters.swift */,
				1F2B2B7621181D5500E85D59 /* MKMultiPoint+Coordinates.swift */,
			);
			path = Extensions;
			sourceTree = "<group>";
		};
		1F62EBAF209CA76C008F3434 /* Controllers */ = {
			isa = PBXGroup;
			children = (
				1F9699F32044345500D88EE0 /* ViewController.swift */,
				1F969A032044370900D88EE0 /* ARViewController.swift */,
				1FB6566B205C1B9100732596 /* AddARViewController.swift */,
				1F62EBB0209CA7A8008F3434 /* MapViewController.swift */,
				1F3FA5D92108EC17000204F8 /* HelpingViewController.swift */,
				1F3FA5DB210A1CFE000204F8 /* ItemsTableViewController.swift */,
				1F3FA5D72108D2B2000204F8 /* LocationSearchTable.swift */,
				1FFD9B4F2110CB5A0053C567 /* ItemTableViewCell.swift */,
				1FFD9B512110D2080053C567 /* AddItemViewController.swift */,
			);
			path = Controllers;
			sourceTree = "<group>";
		};
		1F9699E52044345400D88EE0 = {
			isa = PBXGroup;
			children = (
				1F9699F02044345500D88EE0 /* ARVehNav */,
				1F9699EF2044345500D88EE0 /* Products */,
				89D29AFAF8B440BB67E9D504 /* Pods */,
				42EBD0363676FC348D4919CF /* Frameworks */,
			);
			sourceTree = "<group>";
		};
		1F9699EF2044345500D88EE0 /* Products */ = {
			isa = PBXGroup;
			children = (
				1F9699EE2044345500D88EE0 /* ARVehNav.app */,
			);
			name = Products;
			sourceTree = "<group>";
		};
		1F9699F02044345500D88EE0 /* ARVehNav */ = {
			isa = PBXGroup;
			children = (
				1F9699F12044345500D88EE0 /* AppDelegate.swift */,
				1F2A0CDA2098764B007356F3 /* Model */,
				1F62EBAF209CA76C008F3434 /* Controllers */,
				1F2A0CDF20987A75007356F3 /* Extensions */,
				1F9699F52044345500D88EE0 /* Main.storyboard */,
				1F9699F82044345500D88EE0 /* Assets.xcassets */,
				1F9699FA2044345500D88EE0 /* LaunchScreen.storyboard */,
				1F9699FD2044345500D88EE0 /* Info.plist */,
				1F17DA29210627A400B15A4C /* GoogleService-Info.plist */,
				1F37ACCE212A01F1007869B7 /* Localizable.strings */,
			);
			path = ARVehNav;
			sourceTree = "<group>";
		};
		42EBD0363676FC348D4919CF /* Frameworks */ = {
			isa = PBXGroup;
			children = (
				5B59263CE3E928790BB32AB5 /* Pods_ARVehNav.framework */,
			);
			name = Frameworks;
			sourceTree = "<group>";
		};
		89D29AFAF8B440BB67E9D504 /* Pods */ = {
			isa = PBXGroup;
			children = (
				4721F447FBA504CFE7417B35 /* Pods-ARVehNav.debug.xcconfig */,
				9E6112D409478739BA6C8D00 /* Pods-ARVehNav.release.xcconfig */,
			);
			name = Pods;
			sourceTree = "<group>";
		};
/* End PBXGroup section */

/* Begin PBXNativeTarget section */
		1F9699ED2044345500D88EE0 /* ARVehNav */ = {
			isa = PBXNativeTarget;
			buildConfigurationList = 1F969A002044345500D88EE0 /* Build configuration list for PBXNativeTarget "ARVehNav" */;
			buildPhases = (
				A910A425C81AEDC654ACE945 /* [CP] Check Pods Manifest.lock */,
				1F9699EA2044345500D88EE0 /* Sources */,
				1F9699EB2044345500D88EE0 /* Frameworks */,
				1F9699EC2044345500D88EE0 /* Resources */,
				3D1AAEE63349FEF9F620B57F /* [CP] Embed Pods Frameworks */,
				5D840EF10054F58EAC968BEB /* [CP] Copy Pods Resources */,
			);
			buildRules = (
			);
			dependencies = (
			);
			name = ARVehNav;
			productName = ARVehNav;
			productReference = 1F9699EE2044345500D88EE0 /* ARVehNav.app */;
			productType = "com.apple.product-type.application";
		};
/* End PBXNativeTarget section */

/* Begin PBXProject section */
		1F9699E62044345400D88EE0 /* Project object */ = {
			isa = PBXProject;
			attributes = {
				LastSwiftUpdateCheck = 0920;
				LastUpgradeCheck = 0930;
				ORGANIZATIONNAME = "Daniel Pavlekovic";
				TargetAttributes = {
					1F9699ED2044345500D88EE0 = {
						CreatedOnToolsVersion = 9.2;
						ProvisioningStyle = Automatic;
					};
				};
			};
			buildConfigurationList = 1F9699E92044345400D88EE0 /* Build configuration list for PBXProject "ARVehNav" */;
			compatibilityVersion = "Xcode 8.0";
			developmentRegion = en;
			hasScannedForEncodings = 0;
			knownRegions = (
				en,
				Base,
				hr,
			);
			mainGroup = 1F9699E52044345400D88EE0;
			productRefGroup = 1F9699EF2044345500D88EE0 /* Products */;
			projectDirPath = "";
			projectRoot = "";
			targets = (
				1F9699ED2044345500D88EE0 /* ARVehNav */,
			);
		};
/* End PBXProject section */

/* Begin PBXResourcesBuildPhase section */
		1F9699EC2044345500D88EE0 /* Resources */ = {
			isa = PBXResourcesBuildPhase;
			buildActionMask = 2147483647;
			files = (
				1F37ACCC212A01F1007869B7 /* Localizable.strings in Resources */,
				1F9699FC2044345500D88EE0 /* LaunchScreen.storyboard in Resources */,
				1F17DA2A210627A400B15A4C /* GoogleService-Info.plist in Resources */,
				1F9699F92044345500D88EE0 /* Assets.xcassets in Resources */,
				1F9699F72044345500D88EE0 /* Main.storyboard in Resources */,
			);
			runOnlyForDeploymentPostprocessing = 0;
		};
/* End PBXResourcesBuildPhase section */

/* Begin PBXShellScriptBuildPhase section */
		3D1AAEE63349FEF9F620B57F /* [CP] Embed Pods Frameworks */ = {
			isa = PBXShellScriptBuildPhase;
			buildActionMask = 2147483647;
			files = (
			);
			inputPaths = (
				"${SRCROOT}/Pods/Target Support Files/Pods-ARVehNav/Pods-ARVehNav-frameworks.sh",
				"${BUILT_PRODUCTS_DIR}/ARCL/ARCL.framework",
				"${BUILT_PRODUCTS_DIR}/Alamofire/Alamofire.framework",
				"${BUILT_PRODUCTS_DIR}/Bolts/Bolts.framework",
				"${BUILT_PRODUCTS_DIR}/BoringSSL/openssl.framework",
				"${BUILT_PRODUCTS_DIR}/FBSDKCoreKit/FBSDKCoreKit.framework",
				"${BUILT_PRODUCTS_DIR}/FBSDKLoginKit/FBSDKLoginKit.framework",
				"${BUILT_PRODUCTS_DIR}/GTMOAuth2/GTMOAuth2.framework",
				"${BUILT_PRODUCTS_DIR}/GTMSessionFetcher/GTMSessionFetcher.framework",
				"${BUILT_PRODUCTS_DIR}/GoogleToolboxForMac/GoogleToolboxForMac.framework",
				"${BUILT_PRODUCTS_DIR}/GoogleUtilities/GoogleUtilities.framework",
				"${BUILT_PRODUCTS_DIR}/Protobuf/Protobuf.framework",
				"${BUILT_PRODUCTS_DIR}/SDWebImage/SDWebImage.framework",
				"${BUILT_PRODUCTS_DIR}/SWXMLHash/SWXMLHash.framework",
				"${BUILT_PRODUCTS_DIR}/SwiftyJSON/SwiftyJSON.framework",
				"${PODS_ROOT}/TwitterCore/iOS/TwitterCore.framework",
				"${PODS_ROOT}/TwitterKit/iOS/TwitterKit.framework",
				"${BUILT_PRODUCTS_DIR}/gRPC/GRPCClient.framework",
				"${BUILT_PRODUCTS_DIR}/gRPC-Core/grpc.framework",
				"${BUILT_PRODUCTS_DIR}/gRPC-ProtoRPC/ProtoRPC.framework",
				"${BUILT_PRODUCTS_DIR}/gRPC-RxLibrary/RxLibrary.framework",
				"${BUILT_PRODUCTS_DIR}/leveldb-library/leveldb.framework",
				"${BUILT_PRODUCTS_DIR}/nanopb/nanopb.framework",
			);
			name = "[CP] Embed Pods Frameworks";
			outputPaths = (
				"${TARGET_BUILD_DIR}/${FRAMEWORKS_FOLDER_PATH}/ARCL.framework",
				"${TARGET_BUILD_DIR}/${FRAMEWORKS_FOLDER_PATH}/Alamofire.framework",
				"${TARGET_BUILD_DIR}/${FRAMEWORKS_FOLDER_PATH}/Bolts.framework",
				"${TARGET_BUILD_DIR}/${FRAMEWORKS_FOLDER_PATH}/openssl.framework",
				"${TARGET_BUILD_DIR}/${FRAMEWORKS_FOLDER_PATH}/FBSDKCoreKit.framework",
				"${TARGET_BUILD_DIR}/${FRAMEWORKS_FOLDER_PATH}/FBSDKLoginKit.framework",
				"${TARGET_BUILD_DIR}/${FRAMEWORKS_FOLDER_PATH}/GTMOAuth2.framework",
				"${TARGET_BUILD_DIR}/${FRAMEWORKS_FOLDER_PATH}/GTMSessionFetcher.framework",
				"${TARGET_BUILD_DIR}/${FRAMEWORKS_FOLDER_PATH}/GoogleToolboxForMac.framework",
				"${TARGET_BUILD_DIR}/${FRAMEWORKS_FOLDER_PATH}/GoogleUtilities.framework",
				"${TARGET_BUILD_DIR}/${FRAMEWORKS_FOLDER_PATH}/Protobuf.framework",
				"${TARGET_BUILD_DIR}/${FRAMEWORKS_FOLDER_PATH}/SDWebImage.framework",
				"${TARGET_BUILD_DIR}/${FRAMEWORKS_FOLDER_PATH}/SWXMLHash.framework",
				"${TARGET_BUILD_DIR}/${FRAMEWORKS_FOLDER_PATH}/SwiftyJSON.framework",
				"${TARGET_BUILD_DIR}/${FRAMEWORKS_FOLDER_PATH}/TwitterCore.framework",
				"${TARGET_BUILD_DIR}/${FRAMEWORKS_FOLDER_PATH}/TwitterKit.framework",
				"${TARGET_BUILD_DIR}/${FRAMEWORKS_FOLDER_PATH}/GRPCClient.framework",
				"${TARGET_BUILD_DIR}/${FRAMEWORKS_FOLDER_PATH}/grpc.framework",
				"${TARGET_BUILD_DIR}/${FRAMEWORKS_FOLDER_PATH}/ProtoRPC.framework",
				"${TARGET_BUILD_DIR}/${FRAMEWORKS_FOLDER_PATH}/RxLibrary.framework",
				"${TARGET_BUILD_DIR}/${FRAMEWORKS_FOLDER_PATH}/leveldb.framework",
				"${TARGET_BUILD_DIR}/${FRAMEWORKS_FOLDER_PATH}/nanopb.framework",
			);
			runOnlyForDeploymentPostprocessing = 0;
			shellPath = /bin/sh;
			shellScript = "\"${SRCROOT}/Pods/Target Support Files/Pods-ARVehNav/Pods-ARVehNav-frameworks.sh\"\n";
			showEnvVarsInLog = 0;
		};
		5D840EF10054F58EAC968BEB /* [CP] Copy Pods Resources */ = {
			isa = PBXShellScriptBuildPhase;
			buildActionMask = 2147483647;
			files = (
			);
			inputPaths = (
				"${SRCROOT}/Pods/Target Support Files/Pods-ARVehNav/Pods-ARVehNav-resources.sh",
				"${PODS_CONFIGURATION_BUILD_DIR}/FirebaseUI/FirebaseAuthUI.bundle",
				"${PODS_CONFIGURATION_BUILD_DIR}/FirebaseUI/FirebaseFacebookAuthUI.bundle",
				"${PODS_CONFIGURATION_BUILD_DIR}/FirebaseUI/FirebaseGoogleAuthUI.bundle",
				"${PODS_CONFIGURATION_BUILD_DIR}/FirebaseUI/FirebasePhoneAuthUI.bundle",
				"${PODS_CONFIGURATION_BUILD_DIR}/FirebaseUI/FirebaseTwitterAuthUI.bundle",
				"${PODS_ROOT}/GoogleSignIn/Resources/GoogleSignIn.bundle",
				"${PODS_ROOT}/TwitterKit/iOS/TwitterKit.framework/TwitterKitResources.bundle",
			);
			name = "[CP] Copy Pods Resources";
			outputPaths = (
				"${TARGET_BUILD_DIR}/${UNLOCALIZED_RESOURCES_FOLDER_PATH}/FirebaseAuthUI.bundle",
				"${TARGET_BUILD_DIR}/${UNLOCALIZED_RESOURCES_FOLDER_PATH}/FirebaseFacebookAuthUI.bundle",
				"${TARGET_BUILD_DIR}/${UNLOCALIZED_RESOURCES_FOLDER_PATH}/FirebaseGoogleAuthUI.bundle",
				"${TARGET_BUILD_DIR}/${UNLOCALIZED_RESOURCES_FOLDER_PATH}/FirebasePhoneAuthUI.bundle",
				"${TARGET_BUILD_DIR}/${UNLOCALIZED_RESOURCES_FOLDER_PATH}/FirebaseTwitterAuthUI.bundle",
				"${TARGET_BUILD_DIR}/${UNLOCALIZED_RESOURCES_FOLDER_PATH}/GoogleSignIn.bundle",
				"${TARGET_BUILD_DIR}/${UNLOCALIZED_RESOURCES_FOLDER_PATH}/TwitterKitResources.bundle",
			);
			runOnlyForDeploymentPostprocessing = 0;
			shellPath = /bin/sh;
			shellScript = "\"${SRCROOT}/Pods/Target Support Files/Pods-ARVehNav/Pods-ARVehNav-resources.sh\"\n";
			showEnvVarsInLog = 0;
		};
		A910A425C81AEDC654ACE945 /* [CP] Check Pods Manifest.lock */ = {
			isa = PBXShellScriptBuildPhase;
			buildActionMask = 2147483647;
			files = (
			);
			inputPaths = (
				"${PODS_PODFILE_DIR_PATH}/Podfile.lock",
				"${PODS_ROOT}/Manifest.lock",
			);
			name = "[CP] Check Pods Manifest.lock";
			outputPaths = (
				"$(DERIVED_FILE_DIR)/Pods-ARVehNav-checkManifestLockResult.txt",
			);
			runOnlyForDeploymentPostprocessing = 0;
			shellPath = /bin/sh;
			shellScript = "diff \"${PODS_PODFILE_DIR_PATH}/Podfile.lock\" \"${PODS_ROOT}/Manifest.lock\" > /dev/null\nif [ $? != 0 ] ; then\n    # print error to STDERR\n    echo \"error: The sandbox is not in sync with the Podfile.lock. Run 'pod install' or update your CocoaPods installation.\" >&2\n    exit 1\nfi\n# This output is used by Xcode 'outputs' to avoid re-running this script phase.\necho \"SUCCESS\" > \"${SCRIPT_OUTPUT_FILE_0}\"\n";
			showEnvVarsInLog = 0;
		};
/* End PBXShellScriptBuildPhase section */

/* Begin PBXSourcesBuildPhase section */
		1F9699EA2044345500D88EE0 /* Sources */ = {
			isa = PBXSourcesBuildPhase;
			buildActionMask = 2147483647;
			files = (
				1FB6566E205C1BB800732596 /* Item.swift in Sources */,
				1F3FA5DA2108EC17000204F8 /* HelpingViewController.swift in Sources */,
				1F3FA5DC210A1CFE000204F8 /* ItemsTableViewController.swift in Sources */,
				1FFD9B56211385CE0053C567 /* Speed.swift in Sources */,
				1F3FA5D82108D2B2000204F8 /* LocationSearchTable.swift in Sources */,
				1FFD9B502110CB5A0053C567 /* ItemTableViewCell.swift in Sources */,
				1FFD9B522110D2080053C567 /* AddItemViewController.swift in Sources */,
				1FBD63DE2124BA7F0088DD86 /* DistanceNode.swift in Sources */,
				1F969A042044370900D88EE0 /* ARViewController.swift in Sources */,
				1F28401A2129D9F600A06222 /* Route.swift in Sources */,
				1F62EBB1209CA7A8008F3434 /* MapViewController.swift in Sources */,
				1F9699F42044345500D88EE0 /* ViewController.swift in Sources */,
				1F37ACD1212A0991007869B7 /* ARViewControllerModel.swift in Sources */,
				1F9699F22044345500D88EE0 /* AppDelegate.swift in Sources */,
				1FFD9B542110D3CF0053C567 /* LocationManager.swift in Sources */,
				1F2B2B7721181D5500E85D59 /* MKMultiPoint+Coordinates.swift in Sources */,
				1FBF5A902073728E00E9FDDC /* CLLocationCoordinates+ConvertToMeters.swift in Sources */,
				1FB6566C205C1B9100732596 /* AddARViewController.swift in Sources */,
				1F2A0CE120987B0F007356F3 /* Constants.swift in Sources */,
			);
			runOnlyForDeploymentPostprocessing = 0;
		};
/* End PBXSourcesBuildPhase section */

/* Begin PBXVariantGroup section */
		1F37ACCE212A01F1007869B7 /* Localizable.strings */ = {
			isa = PBXVariantGroup;
			children = (
				1F37ACCD212A01F1007869B7 /* en */,
				1F37ACCF212A0214007869B7 /* hr */,
			);
			name = Localizable.strings;
			sourceTree = "<group>";
		};
		1F9699F52044345500D88EE0 /* Main.storyboard */ = {
			isa = PBXVariantGroup;
			children = (
				1F9699F62044345500D88EE0 /* Base */,
				1F37ACC7212A0112007869B7 /* en */,
				1F37ACC9212A011C007869B7 /* hr */,
			);
			name = Main.storyboard;
			sourceTree = "<group>";
		};
		1F9699FA2044345500D88EE0 /* LaunchScreen.storyboard */ = {
			isa = PBXVariantGroup;
			children = (
				1F9699FB2044345500D88EE0 /* Base */,
				1F0F7EB120CFE99F0024B750 /* hr */,
			);
			name = LaunchScreen.storyboard;
			sourceTree = "<group>";
		};
/* End PBXVariantGroup section */

/* Begin XCBuildConfiguration section */
		1F9699FE2044345500D88EE0 /* Debug */ = {
			isa = XCBuildConfiguration;
			buildSettings = {
				ALWAYS_SEARCH_USER_PATHS = NO;
				CLANG_ANALYZER_LOCALIZABILITY_NONLOCALIZED = YES;
				CLANG_ANALYZER_NONNULL = YES;
				CLANG_ANALYZER_NUMBER_OBJECT_CONVERSION = YES_AGGRESSIVE;
				CLANG_CXX_LANGUAGE_STANDARD = "gnu++14";
				CLANG_CXX_LIBRARY = "libc++";
				CLANG_ENABLE_MODULES = YES;
				CLANG_ENABLE_OBJC_ARC = YES;
				CLANG_WARN_BLOCK_CAPTURE_AUTORELEASING = YES;
				CLANG_WARN_BOOL_CONVERSION = YES;
				CLANG_WARN_COMMA = YES;
				CLANG_WARN_CONSTANT_CONVERSION = YES;
				CLANG_WARN_DEPRECATED_OBJC_IMPLEMENTATIONS = YES;
				CLANG_WARN_DIRECT_OBJC_ISA_USAGE = YES_ERROR;
				CLANG_WARN_DOCUMENTATION_COMMENTS = YES;
				CLANG_WARN_EMPTY_BODY = YES;
				CLANG_WARN_ENUM_CONVERSION = YES;
				CLANG_WARN_INFINITE_RECURSION = YES;
				CLANG_WARN_INT_CONVERSION = YES;
				CLANG_WARN_NON_LITERAL_NULL_CONVERSION = YES;
				CLANG_WARN_OBJC_IMPLICIT_RETAIN_SELF = YES;
				CLANG_WARN_OBJC_LITERAL_CONVERSION = YES;
				CLANG_WARN_OBJC_ROOT_CLASS = YES_ERROR;
				CLANG_WARN_RANGE_LOOP_ANALYSIS = YES;
				CLANG_WARN_STRICT_PROTOTYPES = YES;
				CLANG_WARN_SUSPICIOUS_MOVE = YES;
				CLANG_WARN_UNGUARDED_AVAILABILITY = YES_AGGRESSIVE;
				CLANG_WARN_UNREACHABLE_CODE = YES;
				CLANG_WARN__DUPLICATE_METHOD_MATCH = YES;
				CODE_SIGN_IDENTITY = "iPhone Developer";
				COPY_PHASE_STRIP = NO;
				DEBUG_INFORMATION_FORMAT = dwarf;
				ENABLE_STRICT_OBJC_MSGSEND = YES;
				ENABLE_TESTABILITY = YES;
				GCC_C_LANGUAGE_STANDARD = gnu11;
				GCC_DYNAMIC_NO_PIC = NO;
				GCC_NO_COMMON_BLOCKS = YES;
				GCC_OPTIMIZATION_LEVEL = 0;
				GCC_PREPROCESSOR_DEFINITIONS = (
					"DEBUG=1",
					"$(inherited)",
				);
				GCC_WARN_64_TO_32_BIT_CONVERSION = YES;
				GCC_WARN_ABOUT_RETURN_TYPE = YES_ERROR;
				GCC_WARN_UNDECLARED_SELECTOR = YES;
				GCC_WARN_UNINITIALIZED_AUTOS = YES_AGGRESSIVE;
				GCC_WARN_UNUSED_FUNCTION = YES;
				GCC_WARN_UNUSED_VARIABLE = YES;
				IPHONEOS_DEPLOYMENT_TARGET = 11.2;
				MTL_ENABLE_DEBUG_INFO = YES;
				ONLY_ACTIVE_ARCH = YES;
				SDKROOT = iphoneos;
				SWIFT_ACTIVE_COMPILATION_CONDITIONS = DEBUG;
				SWIFT_OPTIMIZATION_LEVEL = "-Onone";
			};
			name = Debug;
		};
		1F9699FF2044345500D88EE0 /* Release */ = {
			isa = XCBuildConfiguration;
			buildSettings = {
				ALWAYS_SEARCH_USER_PATHS = NO;
				CLANG_ANALYZER_LOCALIZABILITY_NONLOCALIZED = YES;
				CLANG_ANALYZER_NONNULL = YES;
				CLANG_ANALYZER_NUMBER_OBJECT_CONVERSION = YES_AGGRESSIVE;
				CLANG_CXX_LANGUAGE_STANDARD = "gnu++14";
				CLANG_CXX_LIBRARY = "libc++";
				CLANG_ENABLE_MODULES = YES;
				CLANG_ENABLE_OBJC_ARC = YES;
				CLANG_WARN_BLOCK_CAPTURE_AUTORELEASING = YES;
				CLANG_WARN_BOOL_CONVERSION = YES;
				CLANG_WARN_COMMA = YES;
				CLANG_WARN_CONSTANT_CONVERSION = YES;
				CLANG_WARN_DEPRECATED_OBJC_IMPLEMENTATIONS = YES;
				CLANG_WARN_DIRECT_OBJC_ISA_USAGE = YES_ERROR;
				CLANG_WARN_DOCUMENTATION_COMMENTS = YES;
				CLANG_WARN_EMPTY_BODY = YES;
				CLANG_WARN_ENUM_CONVERSION = YES;
				CLANG_WARN_INFINITE_RECURSION = YES;
				CLANG_WARN_INT_CONVERSION = YES;
				CLANG_WARN_NON_LITERAL_NULL_CONVERSION = YES;
				CLANG_WARN_OBJC_IMPLICIT_RETAIN_SELF = YES;
				CLANG_WARN_OBJC_LITERAL_CONVERSION = YES;
				CLANG_WARN_OBJC_ROOT_CLASS = YES_ERROR;
				CLANG_WARN_RANGE_LOOP_ANALYSIS = YES;
				CLANG_WARN_STRICT_PROTOTYPES = YES;
				CLANG_WARN_SUSPICIOUS_MOVE = YES;
				CLANG_WARN_UNGUARDED_AVAILABILITY = YES_AGGRESSIVE;
				CLANG_WARN_UNREACHABLE_CODE = YES;
				CLANG_WARN__DUPLICATE_METHOD_MATCH = YES;
				CODE_SIGN_IDENTITY = "iPhone Developer";
				COPY_PHASE_STRIP = NO;
				DEBUG_INFORMATION_FORMAT = "dwarf-with-dsym";
				ENABLE_NS_ASSERTIONS = NO;
				ENABLE_STRICT_OBJC_MSGSEND = YES;
				GCC_C_LANGUAGE_STANDARD = gnu11;
				GCC_NO_COMMON_BLOCKS = YES;
				GCC_WARN_64_TO_32_BIT_CONVERSION = YES;
				GCC_WARN_ABOUT_RETURN_TYPE = YES_ERROR;
				GCC_WARN_UNDECLARED_SELECTOR = YES;
				GCC_WARN_UNINITIALIZED_AUTOS = YES_AGGRESSIVE;
				GCC_WARN_UNUSED_FUNCTION = YES;
				GCC_WARN_UNUSED_VARIABLE = YES;
				IPHONEOS_DEPLOYMENT_TARGET = 11.2;
				MTL_ENABLE_DEBUG_INFO = NO;
				SDKROOT = iphoneos;
				SWIFT_OPTIMIZATION_LEVEL = "-Owholemodule";
				VALIDATE_PRODUCT = YES;
			};
			name = Release;
		};
		1F969A012044345500D88EE0 /* Debug */ = {
			isa = XCBuildConfiguration;
			baseConfigurationReference = 4721F447FBA504CFE7417B35 /* Pods-ARVehNav.debug.xcconfig */;
			buildSettings = {
				ASSETCATALOG_COMPILER_APPICON_NAME = AppIcon;
				CODE_SIGN_STYLE = Automatic;
				DEVELOPMENT_TEAM = KZ7LVBES5H;
				INFOPLIST_FILE = ARVehNav/Info.plist;
				LD_RUNPATH_SEARCH_PATHS = "$(inherited) @executable_path/Frameworks";
				PRODUCT_BUNDLE_IDENTIFIER = dpavlekovic.ARVehNav2;
				PRODUCT_NAME = "$(TARGET_NAME)";
				SWIFT_VERSION = 4.0;
				TARGETED_DEVICE_FAMILY = "1,2";
			};
			name = Debug;
		};
		1F969A022044345500D88EE0 /* Release */ = {
			isa = XCBuildConfiguration;
			baseConfigurationReference = 9E6112D409478739BA6C8D00 /* Pods-ARVehNav.release.xcconfig */;
			buildSettings = {
				ASSETCATALOG_COMPILER_APPICON_NAME = AppIcon;
				CODE_SIGN_STYLE = Automatic;
				DEVELOPMENT_TEAM = KZ7LVBES5H;
				INFOPLIST_FILE = ARVehNav/Info.plist;
				LD_RUNPATH_SEARCH_PATHS = "$(inherited) @executable_path/Frameworks";
				PRODUCT_BUNDLE_IDENTIFIER = dpavlekovic.ARVehNav2;
				PRODUCT_NAME = "$(TARGET_NAME)";
				SWIFT_VERSION = 4.0;
				TARGETED_DEVICE_FAMILY = "1,2";
			};
			name = Release;
		};
/* End XCBuildConfiguration section */

/* Begin XCConfigurationList section */
		1F9699E92044345400D88EE0 /* Build configuration list for PBXProject "ARVehNav" */ = {
			isa = XCConfigurationList;
			buildConfigurations = (
				1F9699FE2044345500D88EE0 /* Debug */,
				1F9699FF2044345500D88EE0 /* Release */,
			);
			defaultConfigurationIsVisible = 0;
			defaultConfigurationName = Release;
		};
		1F969A002044345500D88EE0 /* Build configuration list for PBXNativeTarget "ARVehNav" */ = {
			isa = XCConfigurationList;
			buildConfigurations = (
				1F969A012044345500D88EE0 /* Debug */,
				1F969A022044345500D88EE0 /* Release */,
			);
			defaultConfigurationIsVisible = 0;
			defaultConfigurationName = Release;
		};
/* End XCConfigurationList section */
	};
	rootObject = 1F9699E62044345400D88EE0 /* Project object */;
}
